
Microsoft Visual Studio Solution File, Format Version 12.00
# Visual Studio Version 17
VisualStudioVersion = 17.5.33424.131
MinimumVisualStudioVersion = 10.0.40219.1
Project("{9A19103F-16F7-4668-BE54-9A1E7A4F7556}") = "Dynamics.Net", "Dynamics.Net\Dynamics.Net.csproj", "{4DD0F4A1-C59D-4CBE-BEC1-21959A1E7CE6}"
EndProject
Project("{FAE04EC0-301F-11D3-BF4B-00C04F79EFBC}") = "Dynamics.Net_Tester", "Dynamics.Net_Tester\Dynamics.Net_Tester.csproj", "{945FCEF1-51EA-427D-BD15-81077D4E2A61}"
EndProject
Global
	GlobalSection(SolutionConfigurationPlatforms) = preSolution
		Debug|Any CPU = Debug|Any CPU
		Release|Any CPU = Release|Any CPU
	EndGlobalSection
	GlobalSection(ProjectConfigurationPlatforms) = postSolution
		{4DD0F4A1-C59D-4CBE-BEC1-21959A1E7CE6}.Debug|Any CPU.ActiveCfg = Debug|Any CPU
		{4DD0F4A1-C59D-4CBE-BEC1-21959A1E7CE6}.Debug|Any CPU.Build.0 = Debug|Any CPU
		{4DD0F4A1-C59D-4CBE-BEC1-21959A1E7CE6}.Release|Any CPU.ActiveCfg = Release|Any CPU
		{4DD0F4A1-C59D-4CBE-BEC1-21959A1E7CE6}.Release|Any CPU.Build.0 = Release|Any CPU
		{945FCEF1-51EA-427D-BD15-81077D4E2A61}.Debug|Any CPU.ActiveCfg = Debug|Any CPU
		{945FCEF1-51EA-427D-BD15-81077D4E2A61}.Debug|Any CPU.Build.0 = Debug|Any CPU
		{945FCEF1-51EA-427D-BD15-81077D4E2A61}.Release|Any CPU.ActiveCfg = Release|Any CPU
		{945FCEF1-51EA-427D-BD15-81077D4E2A61}.Release|Any CPU.Build.0 = Release|Any CPU
	EndGlobalSection
	GlobalSection(SolutionProperties) = preSolution
		HideSolutionNode = FALSE
	EndGlobalSection
	GlobalSection(ExtensibilityGlobals) = postSolution
		SolutionGuid = {3E524525-04E0-4BF6-B00B-C73ADEDA71AB}
	EndGlobalSection
EndGlobal
